
Microsoft Visual Studio Solution File, Format Version 12.00
# Visual Studio Version 17
VisualStudioVersion = 17.9.34714.143
MinimumVisualStudioVersion = 10.0.40219.1
Project("{FAE04EC0-301F-11D3-BF4B-00C04F79EFBC}") = "AirlineReservationSystem", "AirlineReservationSystem\AirlineReservationSystem.csproj", "{1812A9B2-AA03-4F2D-8C60-CE1503FEC151}"
EndProject
Global
	GlobalSection(SolutionConfigurationPlatforms) = preSolution
		Debug|Any CPU = Debug|Any CPU
		Release|Any CPU = Release|Any CPU
	EndGlobalSection
	GlobalSection(ProjectConfigurationPlatforms) = postSolution
		{1812A9B2-AA03-4F2D-8C60-CE1503FEC151}.Debug|Any CPU.ActiveCfg = Debug|Any CPU
		{1812A9B2-AA03-4F2D-8C60-CE1503FEC151}.Debug|Any CPU.Build.0 = Debug|Any CPU
		{1812A9B2-AA03-4F2D-8C60-CE1503FEC151}.Release|Any CPU.ActiveCfg = Release|Any CPU
		{1812A9B2-AA03-4F2D-8C60-CE1503FEC151}.Release|Any CPU.Build.0 = Release|Any CPU
	EndGlobalSection
	GlobalSection(SolutionProperties) = preSolution
		HideSolutionNode = FALSE
	EndGlobalSection
	GlobalSection(ExtensibilityGlobals) = postSolution
		SolutionGuid = {F0A31226-BB38-48CD-86E3-0E50917DF352}
	EndGlobalSection
EndGlobal
